
Microsoft Visual Studio Solution File, Format Version 12.00
# Visual Studio Version 16
VisualStudioVersion = 16.0.29806.167
MinimumVisualStudioVersion = 10.0.40219.1
Project("{8BC9CEB8-8B4A-11D0-8D11-00A0C91BC942}") = "RPQ", "RPQ\RPQ.vcxproj", "{B9C50614-DAED-4637-8528-8C4C279AD468}"
EndProject
Global
	GlobalSection(SolutionConfigurationPlatforms) = preSolution
		Debug|x64 = Debug|x64
		Debug|x86 = Debug|x86
		Release|x64 = Release|x64
		Release|x86 = Release|x86
	EndGlobalSection
	GlobalSection(ProjectConfigurationPlatforms) = postSolution
		{B9C50614-DAED-4637-8528-8C4C279AD468}.Debug|x64.ActiveCfg = Debug|x64
		{B9C50614-DAED-4637-8528-8C4C279AD468}.Debug|x64.Build.0 = Debug|x64
		{B9C50614-DAED-4637-8528-8C4C279AD468}.Debug|x86.ActiveCfg = Debug|Win32
		{B9C50614-DAED-4637-8528-8C4C279AD468}.Debug|x86.Build.0 = Debug|Win32
		{B9C50614-DAED-4637-8528-8C4C279AD468}.Release|x64.ActiveCfg = Release|x64
		{B9C50614-DAED-4637-8528-8C4C279AD468}.Release|x64.Build.0 = Release|x64
		{B9C50614-DAED-4637-8528-8C4C279AD468}.Release|x86.ActiveCfg = Release|Win32
		{B9C50614-DAED-4637-8528-8C4C279AD468}.Release|x86.Build.0 = Release|Win32
	EndGlobalSection
	GlobalSection(SolutionProperties) = preSolution
		HideSolutionNode = FALSE
	EndGlobalSection
	GlobalSection(ExtensibilityGlobals) = postSolution
		SolutionGuid = {B43DE5F6-C469-49BA-B6B6-7CF767449CEF}
	EndGlobalSection
EndGlobal
